
Microsoft Visual Studio Solution File, Format Version 12.00
# Visual Studio Version 16
VisualStudioVersion = 16.0.31605.320
MinimumVisualStudioVersion = 10.0.40219.1
Project("{FAE04EC0-301F-11D3-BF4B-00C04F79EFBC}") = "ExcelEditorAddIn", "ExcelEditorAddIn\ExcelEditorAddIn.csproj", "{DDE60862-6CFD-41E7-8373-06E4DBE5AD9B}"
EndProject
Project("{FAE04EC0-301F-11D3-BF4B-00C04F79EFBC}") = "EeJson", "EeJson\EeJson.csproj", "{B91CF361-595F-49A3-AE3A-E51BA29D792A}"
EndProject
Project("{FAE04EC0-301F-11D3-BF4B-00C04F79EFBC}") = "EeCommon", "EeCommon\EeCommon.csproj", "{1CFF900D-552A-48F5-900C-40C691971CD4}"
EndProject
Project("{FAE04EC0-301F-11D3-BF4B-00C04F79EFBC}") = "UnitTestProject", "UnitTestProject\UnitTestProject.csproj", "{12C9DE2F-34D2-46C0-8755-FE3DF207DD0E}"
EndProject
Project("{FAE04EC0-301F-11D3-BF4B-00C04F79EFBC}") = "NUnitTestProject1", "NUnitTestProject1\NUnitTestProject1.csproj", "{2B947863-CBDA-4EF6-A572-09EA1526FEB0}"
EndProject
Global
	GlobalSection(SolutionConfigurationPlatforms) = preSolution
		Debug|Any CPU = Debug|Any CPU
		Release|Any CPU = Release|Any CPU
	EndGlobalSection
	GlobalSection(ProjectConfigurationPlatforms) = postSolution
		{DDE60862-6CFD-41E7-8373-06E4DBE5AD9B}.Debug|Any CPU.ActiveCfg = Debug|Any CPU
		{DDE60862-6CFD-41E7-8373-06E4DBE5AD9B}.Debug|Any CPU.Build.0 = Debug|Any CPU
		{DDE60862-6CFD-41E7-8373-06E4DBE5AD9B}.Release|Any CPU.ActiveCfg = Release|Any CPU
		{DDE60862-6CFD-41E7-8373-06E4DBE5AD9B}.Release|Any CPU.Build.0 = Release|Any CPU
		{B91CF361-595F-49A3-AE3A-E51BA29D792A}.Debug|Any CPU.ActiveCfg = Debug|Any CPU
		{B91CF361-595F-49A3-AE3A-E51BA29D792A}.Debug|Any CPU.Build.0 = Debug|Any CPU
		{B91CF361-595F-49A3-AE3A-E51BA29D792A}.Release|Any CPU.ActiveCfg = Release|Any CPU
		{B91CF361-595F-49A3-AE3A-E51BA29D792A}.Release|Any CPU.Build.0 = Release|Any CPU
		{1CFF900D-552A-48F5-900C-40C691971CD4}.Debug|Any CPU.ActiveCfg = Debug|Any CPU
		{1CFF900D-552A-48F5-900C-40C691971CD4}.Debug|Any CPU.Build.0 = Debug|Any CPU
		{1CFF900D-552A-48F5-900C-40C691971CD4}.Release|Any CPU.ActiveCfg = Release|Any CPU
		{1CFF900D-552A-48F5-900C-40C691971CD4}.Release|Any CPU.Build.0 = Release|Any CPU
		{12C9DE2F-34D2-46C0-8755-FE3DF207DD0E}.Debug|Any CPU.ActiveCfg = Debug|Any CPU
		{12C9DE2F-34D2-46C0-8755-FE3DF207DD0E}.Debug|Any CPU.Build.0 = Debug|Any CPU
		{12C9DE2F-34D2-46C0-8755-FE3DF207DD0E}.Release|Any CPU.ActiveCfg = Release|Any CPU
		{12C9DE2F-34D2-46C0-8755-FE3DF207DD0E}.Release|Any CPU.Build.0 = Release|Any CPU
		{2B947863-CBDA-4EF6-A572-09EA1526FEB0}.Debug|Any CPU.ActiveCfg = Debug|Any CPU
		{2B947863-CBDA-4EF6-A572-09EA1526FEB0}.Debug|Any CPU.Build.0 = Debug|Any CPU
		{2B947863-CBDA-4EF6-A572-09EA1526FEB0}.Release|Any CPU.ActiveCfg = Release|Any CPU
		{2B947863-CBDA-4EF6-A572-09EA1526FEB0}.Release|Any CPU.Build.0 = Release|Any CPU
	EndGlobalSection
	GlobalSection(SolutionProperties) = preSolution
		HideSolutionNode = FALSE
	EndGlobalSection
	GlobalSection(ExtensibilityGlobals) = postSolution
		SolutionGuid = {89D08CF0-6344-4420-BC0C-F2497A0903D5}
	EndGlobalSection
EndGlobal
